// !$*UTF8*$!
{
	archiveVersion = 1;
	classes = {
	};
	objectVersion = 50;
	objects = {

/* Begin PBXBuildFile section */
		8F12696222B056A000EECAC9 /* AppDelegate.swift in Sources */ = {isa = PBXBuildFile; fileRef = 8F12696122B056A000EECAC9 /* AppDelegate.swift */; };
		8F12696422B056A000EECAC9 /* HomePageViewController.swift in Sources */ = {isa = PBXBuildFile; fileRef = 8F12696322B056A000EECAC9 /* HomePageViewController.swift */; };
		8F12696722B056A000EECAC9 /* Main.storyboard in Resources */ = {isa = PBXBuildFile; fileRef = 8F12696522B056A000EECAC9 /* Main.storyboard */; };
		8F12696922B056A100EECAC9 /* Assets.xcassets in Resources */ = {isa = PBXBuildFile; fileRef = 8F12696822B056A100EECAC9 /* Assets.xcassets */; };
		8F12696C22B056A100EECAC9 /* LaunchScreen.storyboard in Resources */ = {isa = PBXBuildFile; fileRef = 8F12696A22B056A100EECAC9 /* LaunchScreen.storyboard */; };
		8F12697722B056A200EECAC9 /* MovieAppTests.swift in Sources */ = {isa = PBXBuildFile; fileRef = 8F12697622B056A200EECAC9 /* MovieAppTests.swift */; };
		8F12698222B056A200EECAC9 /* MovieAppUITests.swift in Sources */ = {isa = PBXBuildFile; fileRef = 8F12698122B056A200EECAC9 /* MovieAppUITests.swift */; };
		8F12699322B0585300EECAC9 /* HomePagePresenter.swift in Sources */ = {isa = PBXBuildFile; fileRef = 8F12699222B0585300EECAC9 /* HomePagePresenter.swift */; };
		8F67D08B22B191F600FAE453 /* HomePageCollectionViewCell.swift in Sources */ = {isa = PBXBuildFile; fileRef = 8F67D08922B191F600FAE453 /* HomePageCollectionViewCell.swift */; };
		8F67D08C22B191F600FAE453 /* HomePageCollectionViewCell.xib in Resources */ = {isa = PBXBuildFile; fileRef = 8F67D08A22B191F600FAE453 /* HomePageCollectionViewCell.xib */; };
		8F67D09022B1A7BC00FAE453 /* DetailsPageViewController.swift in Sources */ = {isa = PBXBuildFile; fileRef = 8F67D08E22B1A7BC00FAE453 /* DetailsPageViewController.swift */; };
		8F67D09122B1A7BC00FAE453 /* DetailsPageViewController.xib in Resources */ = {isa = PBXBuildFile; fileRef = 8F67D08F22B1A7BC00FAE453 /* DetailsPageViewController.xib */; };
		8F67D09322B1A81100FAE453 /* DetailsPagePresenter.swift in Sources */ = {isa = PBXBuildFile; fileRef = 8F67D09222B1A81100FAE453 /* DetailsPagePresenter.swift */; };
/* End PBXBuildFile section */

/* Begin PBXContainerItemProxy section */
		8F12697322B056A200EECAC9 /* PBXContainerItemProxy */ = {
			isa = PBXContainerItemProxy;
			containerPortal = 8F12695622B0569F00EECAC9 /* Project object */;
			proxyType = 1;
			remoteGlobalIDString = 8F12695D22B056A000EECAC9;
			remoteInfo = MovieApp;
		};
		8F12697E22B056A200EECAC9 /* PBXContainerItemProxy */ = {
			isa = PBXContainerItemProxy;
			containerPortal = 8F12695622B0569F00EECAC9 /* Project object */;
			proxyType = 1;
			remoteGlobalIDString = 8F12695D22B056A000EECAC9;
			remoteInfo = MovieApp;
		};
/* End PBXContainerItemProxy section */

/* Begin PBXFileReference section */
		8F12695E22B056A000EECAC9 /* MovieApp.app */ = {isa = PBXFileReference; explicitFileType = wrapper.application; includeInIndex = 0; path = MovieApp.app; sourceTree = BUILT_PRODUCTS_DIR; };
		8F12696122B056A000EECAC9 /* AppDelegate.swift */ = {isa = PBXFileReference; lastKnownFileType = sourcecode.swift; path = AppDelegate.swift; sourceTree = "<group>"; };
		8F12696322B056A000EECAC9 /* HomePageViewController.swift */ = {isa = PBXFileReference; lastKnownFileType = sourcecode.swift; path = HomePageViewController.swift; sourceTree = "<group>"; wrapsLines = 0; };
		8F12696622B056A000EECAC9 /* Base */ = {isa = PBXFileReference; lastKnownFileType = file.storyboard; name = Base; path = Base.lproj/Main.storyboard; sourceTree = "<group>"; };
		8F12696822B056A100EECAC9 /* Assets.xcassets */ = {isa = PBXFileReference; lastKnownFileType = folder.assetcatalog; path = Assets.xcassets; sourceTree = "<group>"; };
		8F12696B22B056A100EECAC9 /* Base */ = {isa = PBXFileReference; lastKnownFileType = file.storyboard; name = Base; path = Base.lproj/LaunchScreen.storyboard; sourceTree = "<group>"; };
		8F12696D22B056A100EECAC9 /* Info.plist */ = {isa = PBXFileReference; lastKnownFileType = text.plist.xml; path = Info.plist; sourceTree = "<group>"; };
		8F12697222B056A200EECAC9 /* MovieAppTests.xctest */ = {isa = PBXFileReference; explicitFileType = wrapper.cfbundle; includeInIndex = 0; path = MovieAppTests.xctest; sourceTree = BUILT_PRODUCTS_DIR; };
		8F12697622B056A200EECAC9 /* MovieAppTests.swift */ = {isa = PBXFileReference; lastKnownFileType = sourcecode.swift; path = MovieAppTests.swift; sourceTree = "<group>"; };
		8F12697822B056A200EECAC9 /* Info.plist */ = {isa = PBXFileReference; lastKnownFileType = text.plist.xml; path = Info.plist; sourceTree = "<group>"; };
		8F12697D22B056A200EECAC9 /* MovieAppUITests.xctest */ = {isa = PBXFileReference; explicitFileType = wrapper.cfbundle; includeInIndex = 0; path = MovieAppUITests.xctest; sourceTree = BUILT_PRODUCTS_DIR; };
		8F12698122B056A200EECAC9 /* MovieAppUITests.swift */ = {isa = PBXFileReference; lastKnownFileType = sourcecode.swift; path = MovieAppUITests.swift; sourceTree = "<group>"; };
		8F12698322B056A200EECAC9 /* Info.plist */ = {isa = PBXFileReference; lastKnownFileType = text.plist.xml; path = Info.plist; sourceTree = "<group>"; };
		8F12699222B0585300EECAC9 /* HomePagePresenter.swift */ = {isa = PBXFileReference; lastKnownFileType = sourcecode.swift; path = HomePagePresenter.swift; sourceTree = "<group>"; };
		8F67D08922B191F600FAE453 /* HomePageCollectionViewCell.swift */ = {isa = PBXFileReference; lastKnownFileType = sourcecode.swift; path = HomePageCollectionViewCell.swift; sourceTree = "<group>"; };
		8F67D08A22B191F600FAE453 /* HomePageCollectionViewCell.xib */ = {isa = PBXFileReference; lastKnownFileType = file.xib; path = HomePageCollectionViewCell.xib; sourceTree = "<group>"; };
		8F67D08E22B1A7BC00FAE453 /* DetailsPageViewController.swift */ = {isa = PBXFileReference; lastKnownFileType = sourcecode.swift; path = DetailsPageViewController.swift; sourceTree = "<group>"; };
		8F67D08F22B1A7BC00FAE453 /* DetailsPageViewController.xib */ = {isa = PBXFileReference; lastKnownFileType = file.xib; path = DetailsPageViewController.xib; sourceTree = "<group>"; };
		8F67D09222B1A81100FAE453 /* DetailsPagePresenter.swift */ = {isa = PBXFileReference; lastKnownFileType = sourcecode.swift; path = DetailsPagePresenter.swift; sourceTree = "<group>"; };
/* End PBXFileReference section */

/* Begin PBXFrameworksBuildPhase section */
		8F12695B22B056A000EECAC9 /* Frameworks */ = {
			isa = PBXFrameworksBuildPhase;
			buildActionMask = 2147483647;
			files = (
			);
			runOnlyForDeploymentPostprocessing = 0;
		};
		8F12696F22B056A200EECAC9 /* Frameworks */ = {
			isa = PBXFrameworksBuildPhase;
			buildActionMask = 2147483647;
			files = (
			);
			runOnlyForDeploymentPostprocessing = 0;
		};
		8F12697A22B056A200EECAC9 /* Frameworks */ = {
			isa = PBXFrameworksBuildPhase;
			buildActionMask = 2147483647;
			files = (
			);
			runOnlyForDeploymentPostprocessing = 0;
		};
/* End PBXFrameworksBuildPhase section */

/* Begin PBXGroup section */
		8F12695522B0569F00EECAC9 = {
			isa = PBXGroup;
			children = (
				8F12696022B056A000EECAC9 /* MovieApp */,
				8F12697522B056A200EECAC9 /* MovieAppTests */,
				8F12698022B056A200EECAC9 /* MovieAppUITests */,
				8F12695F22B056A000EECAC9 /* Products */,
			);
			sourceTree = "<group>";
		};
		8F12695F22B056A000EECAC9 /* Products */ = {
			isa = PBXGroup;
			children = (
				8F12695E22B056A000EECAC9 /* MovieApp.app */,
				8F12697222B056A200EECAC9 /* MovieAppTests.xctest */,
				8F12697D22B056A200EECAC9 /* MovieAppUITests.xctest */,
			);
			name = Products;
			sourceTree = "<group>";
		};
		8F12696022B056A000EECAC9 /* MovieApp */ = {
			isa = PBXGroup;
			children = (
				8F67D08D22B1A78800FAE453 /* DetailsPage */,
				8F12698F22B056BD00EECAC9 /* HomePage */,
				8F12699122B057C100EECAC9 /* AppDelegete */,
				8F12699022B056EB00EECAC9 /* Resources */,
			);
			path = MovieApp;
			sourceTree = "<group>";
		};
		8F12697522B056A200EECAC9 /* MovieAppTests */ = {
			isa = PBXGroup;
			children = (
				8F12697622B056A200EECAC9 /* MovieAppTests.swift */,
				8F12697822B056A200EECAC9 /* Info.plist */,
			);
			path = MovieAppTests;
			sourceTree = "<group>";
		};
		8F12698022B056A200EECAC9 /* MovieAppUITests */ = {
			isa = PBXGroup;
			children = (
				8F12698122B056A200EECAC9 /* MovieAppUITests.swift */,
				8F12698322B056A200EECAC9 /* Info.plist */,
			);
			path = MovieAppUITests;
			sourceTree = "<group>";
		};
		8F12698F22B056BD00EECAC9 /* HomePage */ = {
			isa = PBXGroup;
			children = (
				8F67D08822B191D500FAE453 /* HomePageCell */,
				8F12696322B056A000EECAC9 /* HomePageViewController.swift */,
				8F12696522B056A000EECAC9 /* Main.storyboard */,
				8F12699222B0585300EECAC9 /* HomePagePresenter.swift */,
			);
			path = HomePage;
			sourceTree = "<group>";
		};
		8F12699022B056EB00EECAC9 /* Resources */ = {
			isa = PBXGroup;
			children = (
				8F12696A22B056A100EECAC9 /* LaunchScreen.storyboard */,
				8F12696822B056A100EECAC9 /* Assets.xcassets */,
				8F12696D22B056A100EECAC9 /* Info.plist */,
			);
			path = Resources;
			sourceTree = "<group>";
		};
		8F12699122B057C100EECAC9 /* AppDelegete */ = {
			isa = PBXGroup;
			children = (
				8F12696122B056A000EECAC9 /* AppDelegate.swift */,
			);
			path = AppDelegete;
			sourceTree = "<group>";
		};
		8F67D08822B191D500FAE453 /* HomePageCell */ = {
			isa = PBXGroup;
			children = (
				8F67D08922B191F600FAE453 /* HomePageCollectionViewCell.swift */,
				8F67D08A22B191F600FAE453 /* HomePageCollectionViewCell.xib */,
			);
			path = HomePageCell;
			sourceTree = "<group>";
		};
		8F67D08D22B1A78800FAE453 /* DetailsPage */ = {
			isa = PBXGroup;
			children = (
				8F67D08E22B1A7BC00FAE453 /* DetailsPageViewController.swift */,
				8F67D08F22B1A7BC00FAE453 /* DetailsPageViewController.xib */,
				8F67D09222B1A81100FAE453 /* DetailsPagePresenter.swift */,
			);
			path = DetailsPage;
			sourceTree = "<group>";
		};
/* End PBXGroup section */

/* Begin PBXNativeTarget section */
		8F12695D22B056A000EECAC9 /* MovieApp */ = {
			isa = PBXNativeTarget;
			buildConfigurationList = 8F12698622B056A200EECAC9 /* Build configuration list for PBXNativeTarget "MovieApp" */;
			buildPhases = (
				8F12695A22B056A000EECAC9 /* Sources */,
				8F12695B22B056A000EECAC9 /* Frameworks */,
				8F12695C22B056A000EECAC9 /* Resources */,
			);
			buildRules = (
			);
			dependencies = (
			);
			name = MovieApp;
			productName = MovieApp;
			productReference = 8F12695E22B056A000EECAC9 /* MovieApp.app */;
			productType = "com.apple.product-type.application";
		};
		8F12697122B056A200EECAC9 /* MovieAppTests */ = {
			isa = PBXNativeTarget;
			buildConfigurationList = 8F12698922B056A200EECAC9 /* Build configuration list for PBXNativeTarget "MovieAppTests" */;
			buildPhases = (
				8F12696E22B056A200EECAC9 /* Sources */,
				8F12696F22B056A200EECAC9 /* Frameworks */,
				8F12697022B056A200EECAC9 /* Resources */,
			);
			buildRules = (
			);
			dependencies = (
				8F12697422B056A200EECAC9 /* PBXTargetDependency */,
			);
			name = MovieAppTests;
			productName = MovieAppTests;
			productReference = 8F12697222B056A200EECAC9 /* MovieAppTests.xctest */;
			productType = "com.apple.product-type.bundle.unit-test";
		};
		8F12697C22B056A200EECAC9 /* MovieAppUITests */ = {
			isa = PBXNativeTarget;
			buildConfigurationList = 8F12698C22B056A200EECAC9 /* Build configuration list for PBXNativeTarget "MovieAppUITests" */;
			buildPhases = (
				8F12697922B056A200EECAC9 /* Sources */,
				8F12697A22B056A200EECAC9 /* Frameworks */,
				8F12697B22B056A200EECAC9 /* Resources */,
			);
			buildRules = (
			);
			dependencies = (
				8F12697F22B056A200EECAC9 /* PBXTargetDependency */,
			);
			name = MovieAppUITests;
			productName = MovieAppUITests;
			productReference = 8F12697D22B056A200EECAC9 /* MovieAppUITests.xctest */;
			productType = "com.apple.product-type.bundle.ui-testing";
		};
/* End PBXNativeTarget section */

/* Begin PBXProject section */
		8F12695622B0569F00EECAC9 /* Project object */ = {
			isa = PBXProject;
			attributes = {
				LastSwiftUpdateCheck = 1010;
				LastUpgradeCheck = 1010;
				ORGANIZATIONNAME = "Instabug Inc";
				TargetAttributes = {
					8F12695D22B056A000EECAC9 = {
						CreatedOnToolsVersion = 10.1;
					};
					8F12697122B056A200EECAC9 = {
						CreatedOnToolsVersion = 10.1;
						TestTargetID = 8F12695D22B056A000EECAC9;
					};
					8F12697C22B056A200EECAC9 = {
						CreatedOnToolsVersion = 10.1;
						TestTargetID = 8F12695D22B056A000EECAC9;
					};
				};
			};
			buildConfigurationList = 8F12695922B0569F00EECAC9 /* Build configuration list for PBXProject "MovieApp" */;
			compatibilityVersion = "Xcode 9.3";
			developmentRegion = en;
			hasScannedForEncodings = 0;
			knownRegions = (
				en,
				Base,
			);
			mainGroup = 8F12695522B0569F00EECAC9;
			productRefGroup = 8F12695F22B056A000EECAC9 /* Products */;
			projectDirPath = "";
			projectRoot = "";
			targets = (
				8F12695D22B056A000EECAC9 /* MovieApp */,
				8F12697122B056A200EECAC9 /* MovieAppTests */,
				8F12697C22B056A200EECAC9 /* MovieAppUITests */,
			);
		};
/* End PBXProject section */

/* Begin PBXResourcesBuildPhase section */
		8F12695C22B056A000EECAC9 /* Resources */ = {
			isa = PBXResourcesBuildPhase;
			buildActionMask = 2147483647;
			files = (
				8F67D08C22B191F600FAE453 /* HomePageCollectionViewCell.xib in Resources */,
				8F67D09122B1A7BC00FAE453 /* DetailsPageViewController.xib in Resources */,
				8F12696C22B056A100EECAC9 /* LaunchScreen.storyboard in Resources */,
				8F12696922B056A100EECAC9 /* Assets.xcassets in Resources */,
				8F12696722B056A000EECAC9 /* Main.storyboard in Resources */,
			);
			runOnlyForDeploymentPostprocessing = 0;
		};
		8F12697022B056A200EECAC9 /* Resources */ = {
			isa = PBXResourcesBuildPhase;
			buildActionMask = 2147483647;
			files = (
			);
			runOnlyForDeploymentPostprocessing = 0;
		};
		8F12697B22B056A200EECAC9 /* Resources */ = {
			isa = PBXResourcesBuildPhase;
			buildActionMask = 2147483647;
			files = (
			);
			runOnlyForDeploymentPostprocessing = 0;
		};
/* End PBXResourcesBuildPhase section */

/* Begin PBXSourcesBuildPhase section */
		8F12695A22B056A000EECAC9 /* Sources */ = {
			isa = PBXSourcesBuildPhase;
			buildActionMask = 2147483647;
			files = (
				8F67D08B22B191F600FAE453 /* HomePageCollectionViewCell.swift in Sources */,
				8F12696422B056A000EECAC9 /* HomePageViewController.swift in Sources */,
				8F67D09022B1A7BC00FAE453 /* DetailsPageViewController.swift in Sources */,
				8F12696222B056A000EECAC9 /* AppDelegate.swift in Sources */,
				8F67D09322B1A81100FAE453 /* DetailsPagePresenter.swift in Sources */,
				8F12699322B0585300EECAC9 /* HomePagePresenter.swift in Sources */,
			);
			runOnlyForDeploymentPostprocessing = 0;
		};
		8F12696E22B056A200EECAC9 /* Sources */ = {
			isa = PBXSourcesBuildPhase;
			buildActionMask = 2147483647;
			files = (
				8F12697722B056A200EECAC9 /* MovieAppTests.swift in Sources */,
			);
			runOnlyForDeploymentPostprocessing = 0;
		};
		8F12697922B056A200EECAC9 /* Sources */ = {
			isa = PBXSourcesBuildPhase;
			buildActionMask = 2147483647;
			files = (
				8F12698222B056A200EECAC9 /* MovieAppUITests.swift in Sources */,
			);
			runOnlyForDeploymentPostprocessing = 0;
		};
/* End PBXSourcesBuildPhase section */

/* Begin PBXTargetDependency section */
		8F12697422B056A200EECAC9 /* PBXTargetDependency */ = {
			isa = PBXTargetDependency;
			target = 8F12695D22B056A000EECAC9 /* MovieApp */;
			targetProxy = 8F12697322B056A200EECAC9 /* PBXContainerItemProxy */;
		};
		8F12697F22B056A200EECAC9 /* PBXTargetDependency */ = {
			isa = PBXTargetDependency;
			target = 8F12695D22B056A000EECAC9 /* MovieApp */;
			targetProxy = 8F12697E22B056A200EECAC9 /* PBXContainerItemProxy */;
		};
/* End PBXTargetDependency section */

/* Begin PBXVariantGroup section */
		8F12696522B056A000EECAC9 /* Main.storyboard */ = {
			isa = PBXVariantGroup;
			children = (
				8F12696622B056A000EECAC9 /* Base */,
			);
			name = Main.storyboard;
			sourceTree = "<group>";
		};
		8F12696A22B056A100EECAC9 /* LaunchScreen.storyboard */ = {
			isa = PBXVariantGroup;
			children = (
				8F12696B22B056A100EECAC9 /* Base */,
			);
			name = LaunchScreen.storyboard;
			sourceTree = "<group>";
		};
/* End PBXVariantGroup section */

/* Begin XCBuildConfiguration section */
		8F12698422B056A200EECAC9 /* Debug */ = {
			isa = XCBuildConfiguration;
			buildSettings = {
				ALWAYS_SEARCH_USER_PATHS = NO;
				CLANG_ANALYZER_NONNULL = YES;
				CLANG_ANALYZER_NUMBER_OBJECT_CONVERSION = YES_AGGRESSIVE;
				CLANG_CXX_LANGUAGE_STANDARD = "gnu++14";
				CLANG_CXX_LIBRARY = "libc++";
				CLANG_ENABLE_MODULES = YES;
				CLANG_ENABLE_OBJC_ARC = YES;
				CLANG_ENABLE_OBJC_WEAK = YES;
				CLANG_WARN_BLOCK_CAPTURE_AUTORELEASING = YES;
				CLANG_WARN_BOOL_CONVERSION = YES;
				CLANG_WARN_COMMA = YES;
				CLANG_WARN_CONSTANT_CONVERSION = YES;
				CLANG_WARN_DEPRECATED_OBJC_IMPLEMENTATIONS = YES;
				CLANG_WARN_DIRECT_OBJC_ISA_USAGE = YES_ERROR;
				CLANG_WARN_DOCUMENTATION_COMMENTS = YES;
				CLANG_WARN_EMPTY_BODY = YES;
				CLANG_WARN_ENUM_CONVERSION = YES;
				CLANG_WARN_INFINITE_RECURSION = YES;
				CLANG_WARN_INT_CONVERSION = YES;
				CLANG_WARN_NON_LITERAL_NULL_CONVERSION = YES;
				CLANG_WARN_OBJC_IMPLICIT_RETAIN_SELF = YES;
				CLANG_WARN_OBJC_LITERAL_CONVERSION = YES;
				CLANG_WARN_OBJC_ROOT_CLASS = YES_ERROR;
				CLANG_WARN_RANGE_LOOP_ANALYSIS = YES;
				CLANG_WARN_STRICT_PROTOTYPES = YES;
				CLANG_WARN_SUSPICIOUS_MOVE = YES;
				CLANG_WARN_UNGUARDED_AVAILABILITY = YES_AGGRESSIVE;
				CLANG_WARN_UNREACHABLE_CODE = YES;
				CLANG_WARN__DUPLICATE_METHOD_MATCH = YES;
				CODE_SIGN_IDENTITY = "iPhone Developer";
				COPY_PHASE_STRIP = NO;
				DEBUG_INFORMATION_FORMAT = dwarf;
				ENABLE_STRICT_OBJC_MSGSEND = YES;
				ENABLE_TESTABILITY = YES;
				GCC_C_LANGUAGE_STANDARD = gnu11;
				GCC_DYNAMIC_NO_PIC = NO;
				GCC_NO_COMMON_BLOCKS = YES;
				GCC_OPTIMIZATION_LEVEL = 0;
				GCC_PREPROCESSOR_DEFINITIONS = (
					"DEBUG=1",
					"$(inherited)",
				);
				GCC_WARN_64_TO_32_BIT_CONVERSION = YES;
				GCC_WARN_ABOUT_RETURN_TYPE = YES_ERROR;
				GCC_WARN_UNDECLARED_SELECTOR = YES;
				GCC_WARN_UNINITIALIZED_AUTOS = YES_AGGRESSIVE;
				GCC_WARN_UNUSED_FUNCTION = YES;
				GCC_WARN_UNUSED_VARIABLE = YES;
				IPHONEOS_DEPLOYMENT_TARGET = 12.1;
				MTL_ENABLE_DEBUG_INFO = INCLUDE_SOURCE;
				MTL_FAST_MATH = YES;
				ONLY_ACTIVE_ARCH = YES;
				SDKROOT = iphoneos;
				SWIFT_ACTIVE_COMPILATION_CONDITIONS = DEBUG;
				SWIFT_OPTIMIZATION_LEVEL = "-Onone";
			};
			name = Debug;
		};
		8F12698522B056A200EECAC9 /* Release */ = {
			isa = XCBuildConfiguration;
			buildSettings = {
				ALWAYS_SEARCH_USER_PATHS = NO;
				CLANG_ANALYZER_NONNULL = YES;
				CLANG_ANALYZER_NUMBER_OBJECT_CONVERSION = YES_AGGRESSIVE;
				CLANG_CXX_LANGUAGE_STANDARD = "gnu++14";
				CLANG_CXX_LIBRARY = "libc++";
				CLANG_ENABLE_MODULES = YES;
				CLANG_ENABLE_OBJC_ARC = YES;
				CLANG_ENABLE_OBJC_WEAK = YES;
				CLANG_WARN_BLOCK_CAPTURE_AUTORELEASING = YES;
				CLANG_WARN_BOOL_CONVERSION = YES;
				CLANG_WARN_COMMA = YES;
				CLANG_WARN_CONSTANT_CONVERSION = YES;
				CLANG_WARN_DEPRECATED_OBJC_IMPLEMENTATIONS = YES;
				CLANG_WARN_DIRECT_OBJC_ISA_USAGE = YES_ERROR;
				CLANG_WARN_DOCUMENTATION_COMMENTS = YES;
				CLANG_WARN_EMPTY_BODY = YES;
				CLANG_WARN_ENUM_CONVERSION = YES;
				CLANG_WARN_INFINITE_RECURSION = YES;
				CLANG_WARN_INT_CONVERSION = YES;
				CLANG_WARN_NON_LITERAL_NULL_CONVERSION = YES;
				CLANG_WARN_OBJC_IMPLICIT_RETAIN_SELF = YES;
				CLANG_WARN_OBJC_LITERAL_CONVERSION = YES;
				CLANG_WARN_OBJC_ROOT_CLASS = YES_ERROR;
				CLANG_WARN_RANGE_LOOP_ANALYSIS = YES;
				CLANG_WARN_STRICT_PROTOTYPES = YES;
				CLANG_WARN_SUSPICIOUS_MOVE = YES;
				CLANG_WARN_UNGUARDED_AVAILABILITY = YES_AGGRESSIVE;
				CLANG_WARN_UNREACHABLE_CODE = YES;
				CLANG_WARN__DUPLICATE_METHOD_MATCH = YES;
				CODE_SIGN_IDENTITY = "iPhone Developer";
				COPY_PHASE_STRIP = NO;
				DEBUG_INFORMATION_FORMAT = "dwarf-with-dsym";
				ENABLE_NS_ASSERTIONS = NO;
				ENABLE_STRICT_OBJC_MSGSEND = YES;
				GCC_C_LANGUAGE_STANDARD = gnu11;
				GCC_NO_COMMON_BLOCKS = YES;
				GCC_WARN_64_TO_32_BIT_CONVERSION = YES;
				GCC_WARN_ABOUT_RETURN_TYPE = YES_ERROR;
				GCC_WARN_UNDECLARED_SELECTOR = YES;
				GCC_WARN_UNINITIALIZED_AUTOS = YES_AGGRESSIVE;
				GCC_WARN_UNUSED_FUNCTION = YES;
				GCC_WARN_UNUSED_VARIABLE = YES;
				IPHONEOS_DEPLOYMENT_TARGET = 12.1;
				MTL_ENABLE_DEBUG_INFO = NO;
				MTL_FAST_MATH = YES;
				SDKROOT = iphoneos;
				SWIFT_COMPILATION_MODE = wholemodule;
				SWIFT_OPTIMIZATION_LEVEL = "-O";
				VALIDATE_PRODUCT = YES;
			};
			name = Release;
		};
		8F12698722B056A200EECAC9 /* Debug */ = {
			isa = XCBuildConfiguration;
			buildSettings = {
				ASSETCATALOG_COMPILER_APPICON_NAME = AppIcon;
				CODE_SIGN_STYLE = Automatic;
				DEVELOPMENT_TEAM = 8D93MAVT5Q;
				INFOPLIST_FILE = "$(SRCROOT)/MovieApp/Resources/Info.plist";
				LD_RUNPATH_SEARCH_PATHS = (
					"$(inherited)",
					"@executable_path/Frameworks",
				);
				PRODUCT_BUNDLE_IDENTIFIER = Instabug.MovieApp;
				PRODUCT_NAME = "$(TARGET_NAME)";
				SWIFT_VERSION = 4.2;
				TARGETED_DEVICE_FAMILY = "1,2";
			};
			name = Debug;
		};
		8F12698822B056A200EECAC9 /* Release */ = {
			isa = XCBuildConfiguration;
			buildSettings = {
				ASSETCATALOG_COMPILER_APPICON_NAME = AppIcon;
				CODE_SIGN_STYLE = Automatic;
				DEVELOPMENT_TEAM = 8D93MAVT5Q;
				INFOPLIST_FILE = "$(SRCROOT)/MovieApp/Resources/Info.plist";
				LD_RUNPATH_SEARCH_PATHS = (
					"$(inherited)",
					"@executable_path/Frameworks",
				);
				PRODUCT_BUNDLE_IDENTIFIER = Instabug.MovieApp;
				PRODUCT_NAME = "$(TARGET_NAME)";
				SWIFT_VERSION = 4.2;
				TARGETED_DEVICE_FAMILY = "1,2";
			};
			name = Release;
		};
		8F12698A22B056A200EECAC9 /* Debug */ = {
			isa = XCBuildConfiguration;
			buildSettings = {
				ALWAYS_EMBED_SWIFT_STANDARD_LIBRARIES = YES;
				BUNDLE_LOADER = "$(TEST_HOST)";
				CODE_SIGN_STYLE = Automatic;
				DEVELOPMENT_TEAM = 8D93MAVT5Q;
				INFOPLIST_FILE = MovieAppTests/Info.plist;
				LD_RUNPATH_SEARCH_PATHS = (
					"$(inherited)",
					"@executable_path/Frameworks",
					"@loader_path/Frameworks",
				);
				PRODUCT_BUNDLE_IDENTIFIER = Instabug.MovieAppTests;
				PRODUCT_NAME = "$(TARGET_NAME)";
				SWIFT_VERSION = 4.2;
				TARGETED_DEVICE_FAMILY = "1,2";
				TEST_HOST = "$(BUILT_PRODUCTS_DIR)/MovieApp.app/MovieApp";
			};
			name = Debug;
		};
		8F12698B22B056A200EECAC9 /* Release */ = {
			isa = XCBuildConfiguration;
			buildSettings = {
				ALWAYS_EMBED_SWIFT_STANDARD_LIBRARIES = YES;
				BUNDLE_LOADER = "$(TEST_HOST)";
				CODE_SIGN_STYLE = Automatic;
				DEVELOPMENT_TEAM = 8D93MAVT5Q;
				INFOPLIST_FILE = MovieAppTests/Info.plist;
				LD_RUNPATH_SEARCH_PATHS = (
					"$(inherited)",
					"@executable_path/Frameworks",
					"@loader_path/Frameworks",
				);
				PRODUCT_BUNDLE_IDENTIFIER = Instabug.MovieAppTests;
				PRODUCT_NAME = "$(TARGET_NAME)";
				SWIFT_VERSION = 4.2;
				TARGETED_DEVICE_FAMILY = "1,2";
				TEST_HOST = "$(BUILT_PRODUCTS_DIR)/MovieApp.app/MovieApp";
			};
			name = Release;
		};
		8F12698D22B056A200EECAC9 /* Debug */ = {
			isa = XCBuildConfiguration;
			buildSettings = {
				ALWAYS_EMBED_SWIFT_STANDARD_LIBRARIES = YES;
				CODE_SIGN_STYLE = Automatic;
				DEVELOPMENT_TEAM = 8D93MAVT5Q;
				INFOPLIST_FILE = MovieAppUITests/Info.plist;
				LD_RUNPATH_SEARCH_PATHS = (
					"$(inherited)",
					"@executable_path/Frameworks",
					"@loader_path/Frameworks",
				);
				PRODUCT_BUNDLE_IDENTIFIER = Instabug.MovieAppUITests;
				PRODUCT_NAME = "$(TARGET_NAME)";
				SWIFT_VERSION = 4.2;
				TARGETED_DEVICE_FAMILY = "1,2";
				TEST_TARGET_NAME = MovieApp;
			};
			name = Debug;
		};
		8F12698E22B056A200EECAC9 /* Release */ = {
			isa = XCBuildConfiguration;
			buildSettings = {
				ALWAYS_EMBED_SWIFT_STANDARD_LIBRARIES = YES;
				CODE_SIGN_STYLE = Automatic;
				DEVELOPMENT_TEAM = 8D93MAVT5Q;
				INFOPLIST_FILE = MovieAppUITests/Info.plist;
				LD_RUNPATH_SEARCH_PATHS = (
					"$(inherited)",
					"@executable_path/Frameworks",
					"@loader_path/Frameworks",
				);
				PRODUCT_BUNDLE_IDENTIFIER = Instabug.MovieAppUITests;
				PRODUCT_NAME = "$(TARGET_NAME)";
				SWIFT_VERSION = 4.2;
				TARGETED_DEVICE_FAMILY = "1,2";
				TEST_TARGET_NAME = MovieApp;
			};
			name = Release;
		};
/* End XCBuildConfiguration section */

/* Begin XCConfigurationList section */
		8F12695922B0569F00EECAC9 /* Build configuration list for PBXProject "MovieApp" */ = {
			isa = XCConfigurationList;
			buildConfigurations = (
				8F12698422B056A200EECAC9 /* Debug */,
				8F12698522B056A200EECAC9 /* Release */,
			);
			defaultConfigurationIsVisible = 0;
			defaultConfigurationName = Release;
		};
		8F12698622B056A200EECAC9 /* Build configuration list for PBXNativeTarget "MovieApp" */ = {
			isa = XCConfigurationList;
			buildConfigurations = (
				8F12698722B056A200EECAC9 /* Debug */,
				8F12698822B056A200EECAC9 /* Release */,
			);
			defaultConfigurationIsVisible = 0;
			defaultConfigurationName = Release;
		};
		8F12698922B056A200EECAC9 /* Build configuration list for PBXNativeTarget "MovieAppTests" */ = {
			isa = XCConfigurationList;
			buildConfigurations = (
				8F12698A22B056A200EECAC9 /* Debug */,
				8F12698B22B056A200EECAC9 /* Release */,
			);
			defaultConfigurationIsVisible = 0;
			defaultConfigurationName = Release;
		};
		8F12698C22B056A200EECAC9 /* Build configuration list for PBXNativeTarget "MovieAppUITests" */ = {
			isa = XCConfigurationList;
			buildConfigurations = (
				8F12698D22B056A200EECAC9 /* Debug */,
				8F12698E22B056A200EECAC9 /* Release */,
			);
			defaultConfigurationIsVisible = 0;
			defaultConfigurationName = Release;
		};
/* End XCConfigurationList section */
	};
	rootObject = 8F12695622B0569F00EECAC9 /* Project object */;
}
